
Microsoft Visual Studio Solution File, Format Version 12.00
# Visual Studio Version 16
VisualStudioVersion = 16.0.30907.101
MinimumVisualStudioVersion = 10.0.40219.1
Project("{FAE04EC0-301F-11D3-BF4B-00C04F79EFBC}") = "WebStudent", "WebStudent\WebStudent.csproj", "{824462F2-51F0-4F37-83EF-BE9FCEAA26B1}"
EndProject
Global
	GlobalSection(SolutionConfigurationPlatforms) = preSolution
		Debug|Any CPU = Debug|Any CPU
		Release|Any CPU = Release|Any CPU
	EndGlobalSection
	GlobalSection(ProjectConfigurationPlatforms) = postSolution
		{824462F2-51F0-4F37-83EF-BE9FCEAA26B1}.Debug|Any CPU.ActiveCfg = Debug|Any CPU
		{824462F2-51F0-4F37-83EF-BE9FCEAA26B1}.Debug|Any CPU.Build.0 = Debug|Any CPU
		{824462F2-51F0-4F37-83EF-BE9FCEAA26B1}.Release|Any CPU.ActiveCfg = Release|Any CPU
		{824462F2-51F0-4F37-83EF-BE9FCEAA26B1}.Release|Any CPU.Build.0 = Release|Any CPU
	EndGlobalSection
	GlobalSection(SolutionProperties) = preSolution
		HideSolutionNode = FALSE
	EndGlobalSection
	GlobalSection(ExtensibilityGlobals) = postSolution
		SolutionGuid = {F3EB3F87-1BFA-4231-83E2-212A6C502307}
	EndGlobalSection
EndGlobal
